
Microsoft Visual Studio Solution File, Format Version 12.00
# Visual Studio Version 16
VisualStudioVersion = 16.0.31112.23
MinimumVisualStudioVersion = 10.0.40219.1
Project("{FAE04EC0-301F-11D3-BF4B-00C04F79EFBC}") = "AddressBookSystem", "AddressBookSystem\AddressBookSystem.csproj", "{BE389F4D-C035-453F-9129-9822DBD393F8}"
EndProject
Global
	GlobalSection(SolutionConfigurationPlatforms) = preSolution
		Debug|Any CPU = Debug|Any CPU
		Release|Any CPU = Release|Any CPU
	EndGlobalSection
	GlobalSection(ProjectConfigurationPlatforms) = postSolution
		{BE389F4D-C035-453F-9129-9822DBD393F8}.Debug|Any CPU.ActiveCfg = Debug|Any CPU
		{BE389F4D-C035-453F-9129-9822DBD393F8}.Debug|Any CPU.Build.0 = Debug|Any CPU
		{BE389F4D-C035-453F-9129-9822DBD393F8}.Release|Any CPU.ActiveCfg = Release|Any CPU
		{BE389F4D-C035-453F-9129-9822DBD393F8}.Release|Any CPU.Build.0 = Release|Any CPU
	EndGlobalSection
	GlobalSection(SolutionProperties) = preSolution
		HideSolutionNode = FALSE
	EndGlobalSection
	GlobalSection(ExtensibilityGlobals) = postSolution
		SolutionGuid = {B0E289E8-4AFB-47AB-B29B-26CF7E6FBF66}
	EndGlobalSection
EndGlobal
